// !$*UTF8*$!
{
	archiveVersion = 1;
	classes = {
	};
	objectVersion = 46;
	objects = {

/* Begin PBXBuildFile section */
		3321E6381F72C3260013E37C /* AppDelegate.swift in Sources */ = {isa = PBXBuildFile; fileRef = 3321E6371F72C3260013E37C /* AppDelegate.swift */; };
		3321E63A1F72C3260013E37C /* ViewController.swift in Sources */ = {isa = PBXBuildFile; fileRef = 3321E6391F72C3260013E37C /* ViewController.swift */; };
		3321E63D1F72C3260013E37C /* Main.storyboard in Resources */ = {isa = PBXBuildFile; fileRef = 3321E63B1F72C3260013E37C /* Main.storyboard */; };
		3321E63F1F72C3260013E37C /* Assets.xcassets in Resources */ = {isa = PBXBuildFile; fileRef = 3321E63E1F72C3260013E37C /* Assets.xcassets */; };
		3321E6421F72C3260013E37C /* LaunchScreen.storyboard in Resources */ = {isa = PBXBuildFile; fileRef = 3321E6401F72C3260013E37C /* LaunchScreen.storyboard */; };
		3321E64D1F72C3260013E37C /* Geo_CalculatorTests.swift in Sources */ = {isa = PBXBuildFile; fileRef = 3321E64C1F72C3260013E37C /* Geo_CalculatorTests.swift */; };
		3321E6581F72C3260013E37C /* Geo_CalculatorUITests.swift in Sources */ = {isa = PBXBuildFile; fileRef = 3321E6571F72C3260013E37C /* Geo_CalculatorUITests.swift */; };
/* End PBXBuildFile section */

/* Begin PBXContainerItemProxy section */
		3321E6491F72C3260013E37C /* PBXContainerItemProxy */ = {
			isa = PBXContainerItemProxy;
			containerPortal = 3321E62C1F72C3260013E37C /* Project object */;
			proxyType = 1;
			remoteGlobalIDString = 3321E6331F72C3260013E37C;
			remoteInfo = "Geo Calculator";
		};
		3321E6541F72C3260013E37C /* PBXContainerItemProxy */ = {
			isa = PBXContainerItemProxy;
			containerPortal = 3321E62C1F72C3260013E37C /* Project object */;
			proxyType = 1;
			remoteGlobalIDString = 3321E6331F72C3260013E37C;
			remoteInfo = "Geo Calculator";
		};
/* End PBXContainerItemProxy section */

/* Begin PBXFileReference section */
		3321E6341F72C3260013E37C /* Geo Calculator.app */ = {isa = PBXFileReference; explicitFileType = wrapper.application; includeInIndex = 0; path = "Geo Calculator.app"; sourceTree = BUILT_PRODUCTS_DIR; };
		3321E6371F72C3260013E37C /* AppDelegate.swift */ = {isa = PBXFileReference; lastKnownFileType = sourcecode.swift; path = AppDelegate.swift; sourceTree = "<group>"; };
		3321E6391F72C3260013E37C /* ViewController.swift */ = {isa = PBXFileReference; lastKnownFileType = sourcecode.swift; path = ViewController.swift; sourceTree = "<group>"; };
		3321E63C1F72C3260013E37C /* Base */ = {isa = PBXFileReference; lastKnownFileType = file.storyboard; name = Base; path = Base.lproj/Main.storyboard; sourceTree = "<group>"; };
		3321E63E1F72C3260013E37C /* Assets.xcassets */ = {isa = PBXFileReference; lastKnownFileType = folder.assetcatalog; path = Assets.xcassets; sourceTree = "<group>"; };
		3321E6411F72C3260013E37C /* Base */ = {isa = PBXFileReference; lastKnownFileType = file.storyboard; name = Base; path = Base.lproj/LaunchScreen.storyboard; sourceTree = "<group>"; };
		3321E6431F72C3260013E37C /* Info.plist */ = {isa = PBXFileReference; lastKnownFileType = text.plist.xml; path = Info.plist; sourceTree = "<group>"; };
		3321E6481F72C3260013E37C /* Geo CalculatorTests.xctest */ = {isa = PBXFileReference; explicitFileType = wrapper.cfbundle; includeInIndex = 0; path = "Geo CalculatorTests.xctest"; sourceTree = BUILT_PRODUCTS_DIR; };
		3321E64C1F72C3260013E37C /* Geo_CalculatorTests.swift */ = {isa = PBXFileReference; lastKnownFileType = sourcecode.swift; path = Geo_CalculatorTests.swift; sourceTree = "<group>"; };
		3321E64E1F72C3260013E37C /* Info.plist */ = {isa = PBXFileReference; lastKnownFileType = text.plist.xml; path = Info.plist; sourceTree = "<group>"; };
		3321E6531F72C3260013E37C /* Geo CalculatorUITests.xctest */ = {isa = PBXFileReference; explicitFileType = wrapper.cfbundle; includeInIndex = 0; path = "Geo CalculatorUITests.xctest"; sourceTree = BUILT_PRODUCTS_DIR; };
		3321E6571F72C3260013E37C /* Geo_CalculatorUITests.swift */ = {isa = PBXFileReference; lastKnownFileType = sourcecode.swift; path = Geo_CalculatorUITests.swift; sourceTree = "<group>"; };
		3321E6591F72C3260013E37C /* Info.plist */ = {isa = PBXFileReference; lastKnownFileType = text.plist.xml; path = Info.plist; sourceTree = "<group>"; };
/* End PBXFileReference section */

/* Begin PBXFrameworksBuildPhase section */
		3321E6311F72C3260013E37C /* Frameworks */ = {
			isa = PBXFrameworksBuildPhase;
			buildActionMask = 2147483647;
			files = (
			);
			runOnlyForDeploymentPostprocessing = 0;
		};
		3321E6451F72C3260013E37C /* Frameworks */ = {
			isa = PBXFrameworksBuildPhase;
			buildActionMask = 2147483647;
			files = (
			);
			runOnlyForDeploymentPostprocessing = 0;
		};
		3321E6501F72C3260013E37C /* Frameworks */ = {
			isa = PBXFrameworksBuildPhase;
			buildActionMask = 2147483647;
			files = (
			);
			runOnlyForDeploymentPostprocessing = 0;
		};
/* End PBXFrameworksBuildPhase section */

/* Begin PBXGroup section */
		3321E62B1F72C3260013E37C = {
			isa = PBXGroup;
			children = (
				3321E6361F72C3260013E37C /* Geo Calculator */,
				3321E64B1F72C3260013E37C /* Geo CalculatorTests */,
				3321E6561F72C3260013E37C /* Geo CalculatorUITests */,
				3321E6351F72C3260013E37C /* Products */,
			);
			sourceTree = "<group>";
		};
		3321E6351F72C3260013E37C /* Products */ = {
			isa = PBXGroup;
			children = (
				3321E6341F72C3260013E37C /* Geo Calculator.app */,
				3321E6481F72C3260013E37C /* Geo CalculatorTests.xctest */,
				3321E6531F72C3260013E37C /* Geo CalculatorUITests.xctest */,
			);
			name = Products;
			sourceTree = "<group>";
		};
		3321E6361F72C3260013E37C /* Geo Calculator */ = {
			isa = PBXGroup;
			children = (
				3321E6371F72C3260013E37C /* AppDelegate.swift */,
				3321E6391F72C3260013E37C /* ViewController.swift */,
				3321E63B1F72C3260013E37C /* Main.storyboard */,
				3321E63E1F72C3260013E37C /* Assets.xcassets */,
				3321E6401F72C3260013E37C /* LaunchScreen.storyboard */,
				3321E6431F72C3260013E37C /* Info.plist */,
			);
			path = "Geo Calculator";
			sourceTree = "<group>";
		};
		3321E64B1F72C3260013E37C /* Geo CalculatorTests */ = {
			isa = PBXGroup;
			children = (
				3321E64C1F72C3260013E37C /* Geo_CalculatorTests.swift */,
				3321E64E1F72C3260013E37C /* Info.plist */,
			);
			path = "Geo CalculatorTests";
			sourceTree = "<group>";
		};
		3321E6561F72C3260013E37C /* Geo CalculatorUITests */ = {
			isa = PBXGroup;
			children = (
				3321E6571F72C3260013E37C /* Geo_CalculatorUITests.swift */,
				3321E6591F72C3260013E37C /* Info.plist */,
			);
			path = "Geo CalculatorUITests";
			sourceTree = "<group>";
		};
/* End PBXGroup section */

/* Begin PBXNativeTarget section */
		3321E6331F72C3260013E37C /* Geo Calculator */ = {
			isa = PBXNativeTarget;
			buildConfigurationList = 3321E65C1F72C3260013E37C /* Build configuration list for PBXNativeTarget "Geo Calculator" */;
			buildPhases = (
				3321E6301F72C3260013E37C /* Sources */,
				3321E6311F72C3260013E37C /* Frameworks */,
				3321E6321F72C3260013E37C /* Resources */,
			);
			buildRules = (
			);
			dependencies = (
			);
			name = "Geo Calculator";
			productName = "Geo Calculator";
			productReference = 3321E6341F72C3260013E37C /* Geo Calculator.app */;
			productType = "com.apple.product-type.application";
		};
		3321E6471F72C3260013E37C /* Geo CalculatorTests */ = {
			isa = PBXNativeTarget;
			buildConfigurationList = 3321E65F1F72C3260013E37C /* Build configuration list for PBXNativeTarget "Geo CalculatorTests" */;
			buildPhases = (
				3321E6441F72C3260013E37C /* Sources */,
				3321E6451F72C3260013E37C /* Frameworks */,
				3321E6461F72C3260013E37C /* Resources */,
			);
			buildRules = (
			);
			dependencies = (
				3321E64A1F72C3260013E37C /* PBXTargetDependency */,
			);
			name = "Geo CalculatorTests";
			productName = "Geo CalculatorTests";
			productReference = 3321E6481F72C3260013E37C /* Geo CalculatorTests.xctest */;
			productType = "com.apple.product-type.bundle.unit-test";
		};
		3321E6521F72C3260013E37C /* Geo CalculatorUITests */ = {
			isa = PBXNativeTarget;
			buildConfigurationList = 3321E6621F72C3260013E37C /* Build configuration list for PBXNativeTarget "Geo CalculatorUITests" */;
			buildPhases = (
				3321E64F1F72C3260013E37C /* Sources */,
				3321E6501F72C3260013E37C /* Frameworks */,
				3321E6511F72C3260013E37C /* Resources */,
			);
			buildRules = (
			);
			dependencies = (
				3321E6551F72C3260013E37C /* PBXTargetDependency */,
			);
			name = "Geo CalculatorUITests";
			productName = "Geo CalculatorUITests";
			productReference = 3321E6531F72C3260013E37C /* Geo CalculatorUITests.xctest */;
			productType = "com.apple.product-type.bundle.ui-testing";
		};
/* End PBXNativeTarget section */

/* Begin PBXProject section */
		3321E62C1F72C3260013E37C /* Project object */ = {
			isa = PBXProject;
			attributes = {
				LastSwiftUpdateCheck = 0830;
				LastUpgradeCheck = 0830;
				ORGANIZATIONNAME = "GVSU School of Computing";
				TargetAttributes = {
					3321E6331F72C3260013E37C = {
						CreatedOnToolsVersion = 8.3.3;
						ProvisioningStyle = Automatic;
					};
					3321E6471F72C3260013E37C = {
						CreatedOnToolsVersion = 8.3.3;
						ProvisioningStyle = Automatic;
						TestTargetID = 3321E6331F72C3260013E37C;
					};
					3321E6521F72C3260013E37C = {
						CreatedOnToolsVersion = 8.3.3;
						ProvisioningStyle = Automatic;
						TestTargetID = 3321E6331F72C3260013E37C;
					};
				};
			};
			buildConfigurationList = 3321E62F1F72C3260013E37C /* Build configuration list for PBXProject "Geo Calculator" */;
			compatibilityVersion = "Xcode 3.2";
			developmentRegion = English;
			hasScannedForEncodings = 0;
			knownRegions = (
				en,
				Base,
			);
			mainGroup = 3321E62B1F72C3260013E37C;
			productRefGroup = 3321E6351F72C3260013E37C /* Products */;
			projectDirPath = "";
			projectRoot = "";
			targets = (
				3321E6331F72C3260013E37C /* Geo Calculator */,
				3321E6471F72C3260013E37C /* Geo CalculatorTests */,
				3321E6521F72C3260013E37C /* Geo CalculatorUITests */,
			);
		};
/* End PBXProject section */

/* Begin PBXResourcesBuildPhase section */
		3321E6321F72C3260013E37C /* Resources */ = {
			isa = PBXResourcesBuildPhase;
			buildActionMask = 2147483647;
			files = (
				3321E6421F72C3260013E37C /* LaunchScreen.storyboard in Resources */,
				3321E63F1F72C3260013E37C /* Assets.xcassets in Resources */,
				3321E63D1F72C3260013E37C /* Main.storyboard in Resources */,
			);
			runOnlyForDeploymentPostprocessing = 0;
		};
		3321E6461F72C3260013E37C /* Resources */ = {
			isa = PBXResourcesBuildPhase;
			buildActionMask = 2147483647;
			files = (
			);
			runOnlyForDeploymentPostprocessing = 0;
		};
		3321E6511F72C3260013E37C /* Resources */ = {
			isa = PBXResourcesBuildPhase;
			buildActionMask = 2147483647;
			files = (
			);
			runOnlyForDeploymentPostprocessing = 0;
		};
/* End PBXResourcesBuildPhase section */

/* Begin PBXSourcesBuildPhase section */
		3321E6301F72C3260013E37C /* Sources */ = {
			isa = PBXSourcesBuildPhase;
			buildActionMask = 2147483647;
			files = (
				3321E63A1F72C3260013E37C /* ViewController.swift in Sources */,
				3321E6381F72C3260013E37C /* AppDelegate.swift in Sources */,
			);
			runOnlyForDeploymentPostprocessing = 0;
		};
		3321E6441F72C3260013E37C /* Sources */ = {
			isa = PBXSourcesBuildPhase;
			buildActionMask = 2147483647;
			files = (
				3321E64D1F72C3260013E37C /* Geo_CalculatorTests.swift in Sources */,
			);
			runOnlyForDeploymentPostprocessing = 0;
		};
		3321E64F1F72C3260013E37C /* Sources */ = {
			isa = PBXSourcesBuildPhase;
			buildActionMask = 2147483647;
			files = (
				3321E6581F72C3260013E37C /* Geo_CalculatorUITests.swift in Sources */,
			);
			runOnlyForDeploymentPostprocessing = 0;
		};
/* End PBXSourcesBuildPhase section */

/* Begin PBXTargetDependency section */
		3321E64A1F72C3260013E37C /* PBXTargetDependency */ = {
			isa = PBXTargetDependency;
			target = 3321E6331F72C3260013E37C /* Geo Calculator */;
			targetProxy = 3321E6491F72C3260013E37C /* PBXContainerItemProxy */;
		};
		3321E6551F72C3260013E37C /* PBXTargetDependency */ = {
			isa = PBXTargetDependency;
			target = 3321E6331F72C3260013E37C /* Geo Calculator */;
			targetProxy = 3321E6541F72C3260013E37C /* PBXContainerItemProxy */;
		};
/* End PBXTargetDependency section */

/* Begin PBXVariantGroup section */
		3321E63B1F72C3260013E37C /* Main.storyboard */ = {
			isa = PBXVariantGroup;
			children = (
				3321E63C1F72C3260013E37C /* Base */,
			);
			name = Main.storyboard;
			sourceTree = "<group>";
		};
		3321E6401F72C3260013E37C /* LaunchScreen.storyboard */ = {
			isa = PBXVariantGroup;
			children = (
				3321E6411F72C3260013E37C /* Base */,
			);
			name = LaunchScreen.storyboard;
			sourceTree = "<group>";
		};
/* End PBXVariantGroup section */

/* Begin XCBuildConfiguration section */
		3321E65A1F72C3260013E37C /* Debug */ = {
			isa = XCBuildConfiguration;
			buildSettings = {
				ALWAYS_SEARCH_USER_PATHS = NO;
				CLANG_ANALYZER_NONNULL = YES;
				CLANG_ANALYZER_NUMBER_OBJECT_CONVERSION = YES_AGGRESSIVE;
				CLANG_CXX_LANGUAGE_STANDARD = "gnu++0x";
				CLANG_CXX_LIBRARY = "libc++";
				CLANG_ENABLE_MODULES = YES;
				CLANG_ENABLE_OBJC_ARC = YES;
				CLANG_WARN_BOOL_CONVERSION = YES;
				CLANG_WARN_CONSTANT_CONVERSION = YES;
				CLANG_WARN_DIRECT_OBJC_ISA_USAGE = YES_ERROR;
				CLANG_WARN_DOCUMENTATION_COMMENTS = YES;
				CLANG_WARN_EMPTY_BODY = YES;
				CLANG_WARN_ENUM_CONVERSION = YES;
				CLANG_WARN_INFINITE_RECURSION = YES;
				CLANG_WARN_INT_CONVERSION = YES;
				CLANG_WARN_OBJC_ROOT_CLASS = YES_ERROR;
				CLANG_WARN_SUSPICIOUS_MOVE = YES;
				CLANG_WARN_UNREACHABLE_CODE = YES;
				CLANG_WARN__DUPLICATE_METHOD_MATCH = YES;
				"CODE_SIGN_IDENTITY[sdk=iphoneos*]" = "iPhone Developer";
				COPY_PHASE_STRIP = NO;
				DEBUG_INFORMATION_FORMAT = dwarf;
				ENABLE_STRICT_OBJC_MSGSEND = YES;
				ENABLE_TESTABILITY = YES;
				GCC_C_LANGUAGE_STANDARD = gnu99;
				GCC_DYNAMIC_NO_PIC = NO;
				GCC_NO_COMMON_BLOCKS = YES;
				GCC_OPTIMIZATION_LEVEL = 0;
				GCC_PREPROCESSOR_DEFINITIONS = (
					"DEBUG=1",
					"$(inherited)",
				);
				GCC_WARN_64_TO_32_BIT_CONVERSION = YES;
				GCC_WARN_ABOUT_RETURN_TYPE = YES_ERROR;
				GCC_WARN_UNDECLARED_SELECTOR = YES;
				GCC_WARN_UNINITIALIZED_AUTOS = YES_AGGRESSIVE;
				GCC_WARN_UNUSED_FUNCTION = YES;
				GCC_WARN_UNUSED_VARIABLE = YES;
				IPHONEOS_DEPLOYMENT_TARGET = 10.3;
				MTL_ENABLE_DEBUG_INFO = YES;
				ONLY_ACTIVE_ARCH = YES;
				SDKROOT = iphoneos;
				SWIFT_ACTIVE_COMPILATION_CONDITIONS = DEBUG;
				SWIFT_OPTIMIZATION_LEVEL = "-Onone";
			};
			name = Debug;
		};
		3321E65B1F72C3260013E37C /* Release */ = {
			isa = XCBuildConfiguration;
			buildSettings = {
				ALWAYS_SEARCH_USER_PATHS = NO;
				CLANG_ANALYZER_NONNULL = YES;
				CLANG_ANALYZER_NUMBER_OBJECT_CONVERSION = YES_AGGRESSIVE;
				CLANG_CXX_LANGUAGE_STANDARD = "gnu++0x";
				CLANG_CXX_LIBRARY = "libc++";
				CLANG_ENABLE_MODULES = YES;
				CLANG_ENABLE_OBJC_ARC = YES;
				CLANG_WARN_BOOL_CONVERSION = YES;
				CLANG_WARN_CONSTANT_CONVERSION = YES;
				CLANG_WARN_DIRECT_OBJC_ISA_USAGE = YES_ERROR;
				CLANG_WARN_DOCUMENTATION_COMMENTS = YES;
				CLANG_WARN_EMPTY_BODY = YES;
				CLANG_WARN_ENUM_CONVERSION = YES;
				CLANG_WARN_INFINITE_RECURSION = YES;
				CLANG_WARN_INT_CONVERSION = YES;
				CLANG_WARN_OBJC_ROOT_CLASS = YES_ERROR;
				CLANG_WARN_SUSPICIOUS_MOVE = YES;
				CLANG_WARN_UNREACHABLE_CODE = YES;
				CLANG_WARN__DUPLICATE_METHOD_MATCH = YES;
				"CODE_SIGN_IDENTITY[sdk=iphoneos*]" = "iPhone Developer";
				COPY_PHASE_STRIP = NO;
				DEBUG_INFORMATION_FORMAT = "dwarf-with-dsym";
				ENABLE_NS_ASSERTIONS = NO;
				ENABLE_STRICT_OBJC_MSGSEND = YES;
				GCC_C_LANGUAGE_STANDARD = gnu99;
				GCC_NO_COMMON_BLOCKS = YES;
				GCC_WARN_64_TO_32_BIT_CONVERSION = YES;
				GCC_WARN_ABOUT_RETURN_TYPE = YES_ERROR;
				GCC_WARN_UNDECLARED_SELECTOR = YES;
				GCC_WARN_UNINITIALIZED_AUTOS = YES_AGGRESSIVE;
				GCC_WARN_UNUSED_FUNCTION = YES;
				GCC_WARN_UNUSED_VARIABLE = YES;
				IPHONEOS_DEPLOYMENT_TARGET = 10.3;
				MTL_ENABLE_DEBUG_INFO = NO;
				SDKROOT = iphoneos;
				SWIFT_OPTIMIZATION_LEVEL = "-Owholemodule";
				VALIDATE_PRODUCT = YES;
			};
			name = Release;
		};
		3321E65D1F72C3260013E37C /* Debug */ = {
			isa = XCBuildConfiguration;
			buildSettings = {
				ASSETCATALOG_COMPILER_APPICON_NAME = AppIcon;
				INFOPLIST_FILE = "Geo Calculator/Info.plist";
				LD_RUNPATH_SEARCH_PATHS = "$(inherited) @executable_path/Frameworks";
				PRODUCT_BUNDLE_IDENTIFIER = "edu.gvsu.cis.Geo-Calculator";
				PRODUCT_NAME = "$(TARGET_NAME)";
				SWIFT_VERSION = 3.0;
			};
			name = Debug;
		};
		3321E65E1F72C3260013E37C /* Release */ = {
			isa = XCBuildConfiguration;
			buildSettings = {
				ASSETCATALOG_COMPILER_APPICON_NAME = AppIcon;
				INFOPLIST_FILE = "Geo Calculator/Info.plist";
				LD_RUNPATH_SEARCH_PATHS = "$(inherited) @executable_path/Frameworks";
				PRODUCT_BUNDLE_IDENTIFIER = "edu.gvsu.cis.Geo-Calculator";
				PRODUCT_NAME = "$(TARGET_NAME)";
				SWIFT_VERSION = 3.0;
			};
			name = Release;
		};
		3321E6601F72C3260013E37C /* Debug */ = {
			isa = XCBuildConfiguration;
			buildSettings = {
				ALWAYS_EMBED_SWIFT_STANDARD_LIBRARIES = YES;
				BUNDLE_LOADER = "$(TEST_HOST)";
				INFOPLIST_FILE = "Geo CalculatorTests/Info.plist";
				LD_RUNPATH_SEARCH_PATHS = "$(inherited) @executable_path/Frameworks @loader_path/Frameworks";
				PRODUCT_BUNDLE_IDENTIFIER = "edu.gvsu.cis.Geo-CalculatorTests";
				PRODUCT_NAME = "$(TARGET_NAME)";
				SWIFT_VERSION = 3.0;
				TEST_HOST = "$(BUILT_PRODUCTS_DIR)/Geo Calculator.app/Geo Calculator";
			};
			name = Debug;
		};
		3321E6611F72C3260013E37C /* Release */ = {
			isa = XCBuildConfiguration;
			buildSettings = {
				ALWAYS_EMBED_SWIFT_STANDARD_LIBRARIES = YES;
				BUNDLE_LOADER = "$(TEST_HOST)";
				INFOPLIST_FILE = "Geo CalculatorTests/Info.plist";
				LD_RUNPATH_SEARCH_PATHS = "$(inherited) @executable_path/Frameworks @loader_path/Frameworks";
				PRODUCT_BUNDLE_IDENTIFIER = "edu.gvsu.cis.Geo-CalculatorTests";
				PRODUCT_NAME = "$(TARGET_NAME)";
				SWIFT_VERSION = 3.0;
				TEST_HOST = "$(BUILT_PRODUCTS_DIR)/Geo Calculator.app/Geo Calculator";
			};
			name = Release;
		};
		3321E6631F72C3260013E37C /* Debug */ = {
			isa = XCBuildConfiguration;
			buildSettings = {
				ALWAYS_EMBED_SWIFT_STANDARD_LIBRARIES = YES;
				INFOPLIST_FILE = "Geo CalculatorUITests/Info.plist";
				LD_RUNPATH_SEARCH_PATHS = "$(inherited) @executable_path/Frameworks @loader_path/Frameworks";
				PRODUCT_BUNDLE_IDENTIFIER = "edu.gvsu.cis.Geo-CalculatorUITests";
				PRODUCT_NAME = "$(TARGET_NAME)";
				SWIFT_VERSION = 3.0;
				TEST_TARGET_NAME = "Geo Calculator";
			};
			name = Debug;
		};
		3321E6641F72C3260013E37C /* Release */ = {
			isa = XCBuildConfiguration;
			buildSettings = {
				ALWAYS_EMBED_SWIFT_STANDARD_LIBRARIES = YES;
				INFOPLIST_FILE = "Geo CalculatorUITests/Info.plist";
				LD_RUNPATH_SEARCH_PATHS = "$(inherited) @executable_path/Frameworks @loader_path/Frameworks";
				PRODUCT_BUNDLE_IDENTIFIER = "edu.gvsu.cis.Geo-CalculatorUITests";
				PRODUCT_NAME = "$(TARGET_NAME)";
				SWIFT_VERSION = 3.0;
				TEST_TARGET_NAME = "Geo Calculator";
			};
			name = Release;
		};
/* End XCBuildConfiguration section */

/* Begin XCConfigurationList section */
		3321E62F1F72C3260013E37C /* Build configuration list for PBXProject "Geo Calculator" */ = {
			isa = XCConfigurationList;
			buildConfigurations = (
				3321E65A1F72C3260013E37C /* Debug */,
				3321E65B1F72C3260013E37C /* Release */,
			);
			defaultConfigurationIsVisible = 0;
			defaultConfigurationName = Release;
		};
		3321E65C1F72C3260013E37C /* Build configuration list for PBXNativeTarget "Geo Calculator" */ = {
			isa = XCConfigurationList;
			buildConfigurations = (
				3321E65D1F72C3260013E37C /* Debug */,
				3321E65E1F72C3260013E37C /* Release */,
			);
			defaultConfigurationIsVisible = 0;
		};
		3321E65F1F72C3260013E37C /* Build configuration list for PBXNativeTarget "Geo CalculatorTests" */ = {
			isa = XCConfigurationList;
			buildConfigurations = (
				3321E6601F72C3260013E37C /* Debug */,
				3321E6611F72C3260013E37C /* Release */,
			);
			defaultConfigurationIsVisible = 0;
		};
		3321E6621F72C3260013E37C /* Build configuration list for PBXNativeTarget "Geo CalculatorUITests" */ = {
			isa = XCConfigurationList;
			buildConfigurations = (
				3321E6631F72C3260013E37C /* Debug */,
				3321E6641F72C3260013E37C /* Release */,
			);
			defaultConfigurationIsVisible = 0;
		};
/* End XCConfigurationList section */
	};
	rootObject = 3321E62C1F72C3260013E37C /* Project object */;
}
